results/recognizer_results/reCOGnizer_results.tsv
results/eggnogmapper_results/eggnog_mapper_results.emapper.annotations
results/colabfold/config.json
data/deepfri_src/.requirements_done
results/deepfri/DeepFRI_MF_predictions.csv
results/foldseek/output_easy_search.m8
data/databases/foldseek_db/.pdb_ready
results/clean/example_maxsep.csv
data/deepgo2/predict.py
results/deepgo2/example_preds_mf.tsv
data/proteins/example.fasta
data/databases
results
data/databases/eggnogmapper/dbs.done
data/proteins/example.fasta
results
data/proteins/example.fasta
results
data/deepfri_src/setup.py
data/deepfri_src/trained_models/DeepCNN-MERGED_biological_process.hdf5
data/deepfri_src/.requirements_done
data/deepfri_src/setup.py
data/deepfri_src/setup.py
results/colabfold/config.json
data/databases/foldseek_db/.pdb_ready
data/clean_src/app/.installed
data/clean_src/app/.installed_esm
data/clean_src/app/data/pretrained/split100.pth
data/clean_src/.cloned
data/clean_src/app/.installed
data/deepgo2/predict.py
data/deepgo2/.data_download
data/deepgo2/predict.py
