data/clean_src/app/.installed_esm
data/deepgo2/predict.py
results/deepfri/DeepFRI_MF_predictions.csv
data/clean_src/app/data/pretrained/.models
data/clean_src/app/data/pretrained/split100.pth
results/deepgo2/example_preds_mf.tsv
data/clean_src/.cloned
data/databases/eggnogmapper/dbs.done
results/foldseek/output_easy_search.m8
data/deepgo2/.data_download
data/deepfri_src/setup.py
results/recognizer_results/reCOGnizer_results.tsv
data/deepfri_src/trained_models/DeepCNN-MERGED_biological_process.hdf5
data/databases/foldseek_db/.pdb_ready
results/eggnogmapper_results/eggnog_mapper_results.emapper.annotations
results/clean/example_maxsep.csv
results/colabfold/config.json
data/clean_src/app/.installed
data/deepfri_src/.requirements_done
